
Microsoft Visual Studio Solution File, Format Version 12.00
# Visual Studio Version 16
VisualStudioVersion = 16.0.31129.286
MinimumVisualStudioVersion = 10.0.40219.1
Project("{FAE04EC0-301F-11D3-BF4B-00C04F79EFBC}") = "WpfLearningApp", "WpfLearningApp\WpfLearningApp.csproj", "{94944709-E32D-4F5C-8B50-C6D4125A6050}"
EndProject
Global
	GlobalSection(SolutionConfigurationPlatforms) = preSolution
		Debug|Any CPU = Debug|Any CPU
		Release|Any CPU = Release|Any CPU
	EndGlobalSection
	GlobalSection(ProjectConfigurationPlatforms) = postSolution
		{94944709-E32D-4F5C-8B50-C6D4125A6050}.Debug|Any CPU.ActiveCfg = Debug|Any CPU
		{94944709-E32D-4F5C-8B50-C6D4125A6050}.Debug|Any CPU.Build.0 = Debug|Any CPU
		{94944709-E32D-4F5C-8B50-C6D4125A6050}.Release|Any CPU.ActiveCfg = Release|Any CPU
		{94944709-E32D-4F5C-8B50-C6D4125A6050}.Release|Any CPU.Build.0 = Release|Any CPU
	EndGlobalSection
	GlobalSection(SolutionProperties) = preSolution
		HideSolutionNode = FALSE
	EndGlobalSection
	GlobalSection(ExtensibilityGlobals) = postSolution
		SolutionGuid = {B44D6515-5813-4292-A158-7DC1EF99A05A}
	EndGlobalSection
EndGlobal
